{
    "name": "zabbix-module-sqlexplorer",
    "version": "1.0.0",
    "lockfileVersion": 2,
    "requires": true,
    "packages": {
        "": {
            "name": "zabbix-module-sqlexplorer",
            "version": "1.0.0",
            "license": "MIT",
            "dependencies": {
                "@codemirror/basic-setup": "^0.17.1",
                "@codemirror/highlight": "^0.17.2",
                "@codemirror/lang-sql": "^0.17.1",
                "@codemirror/view": "^0.17.7"
            },
            "devDependencies": {
                "@rollup/plugin-node-resolve": "^13.0.0",
                "rollup": "^2.50.6"
            }
        },
        "node_modules/@codemirror/autocomplete": {
            "version": "0.17.4",
            "resolved": "https://registry.npmjs.org/@codemirror/autocomplete/-/autocomplete-0.17.4.tgz",
            "integrity": "sha512-fni2OJC1aStMeQaQQE9lMSJAntWoDeGucLMGbf8XZrTNxZR1IoWKLXBy9YoA0CQfJX/VNnJljNG7WRvwxHmBiQ==",
            "dependencies": {
                "@codemirror/language": "^0.17.0",
                "@codemirror/state": "^0.17.0",
                "@codemirror/text": "^0.17.0",
                "@codemirror/tooltip": "^0.17.0",
                "@codemirror/view": "^0.17.0",
                "lezer-tree": "^0.13.0"
            }
        },
        "node_modules/@codemirror/basic-setup": {
            "version": "0.17.1",
            "resolved": "https://registry.npmjs.org/@codemirror/basic-setup/-/basic-setup-0.17.1.tgz",
            "integrity": "sha512-d17H3bcseOia/YxT4Zfqn455wBRfbs3aKFAg9+FoP11BeQLFAqxiDIXtbwtfFbNx4rUvtmHkzeaMUZHNEp5ZSQ==",
            "deprecated": "In version 6.0, this package has been renamed to just 'codemirror'",
            "dependencies": {
                "@codemirror/autocomplete": "^0.17.0",
                "@codemirror/closebrackets": "^0.17.0",
                "@codemirror/commands": "^0.17.0",
                "@codemirror/comment": "^0.17.0",
                "@codemirror/fold": "^0.17.0",
                "@codemirror/gutter": "^0.17.0",
                "@codemirror/highlight": "^0.17.0",
                "@codemirror/history": "^0.17.0",
                "@codemirror/language": "^0.17.0",
                "@codemirror/lint": "^0.17.0",
                "@codemirror/matchbrackets": "^0.17.0",
                "@codemirror/rectangular-selection": "^0.17.0",
                "@codemirror/search": "^0.17.0",
                "@codemirror/state": "^0.17.0",
                "@codemirror/view": "^0.17.0"
            }
        },
        "node_modules/@codemirror/closebrackets": {
            "version": "0.17.2",
            "resolved": "https://registry.npmjs.org/@codemirror/closebrackets/-/closebrackets-0.17.2.tgz",
            "integrity": "sha512-0ljN56AW9Iu3uATSZESPt2MuPXpZwB9PKCK0liO9Ei1MXba//SDkzDaYeoIjlVLTxUaGbVo77fsh7+rrY28hLg==",
            "deprecated": "As of 0.20.0, this package has been merged into @codemirror/autocomplete",
            "dependencies": {
                "@codemirror/language": "^0.17.0",
                "@codemirror/rangeset": "^0.17.0",
                "@codemirror/state": "^0.17.0",
                "@codemirror/text": "^0.17.0",
                "@codemirror/view": "^0.17.0"
            }
        },
        "node_modules/@codemirror/commands": {
            "version": "0.17.5",
            "resolved": "https://registry.npmjs.org/@codemirror/commands/-/commands-0.17.5.tgz",
            "integrity": "sha512-9B/Zq6mBkSdf+2xWoOufJutNRhFdsgA9f2w9hfI7ujwFqFLIj7QKuYt+W1LAcJufHYy5BdVCyjgCamx65yb4MA==",
            "dependencies": {
                "@codemirror/language": "^0.17.0",
                "@codemirror/matchbrackets": "^0.17.0",
                "@codemirror/state": "^0.17.0",
                "@codemirror/text": "^0.17.0",
                "@codemirror/view": "^0.17.0",
                "lezer-tree": "^0.13.0"
            }
        },
        "node_modules/@codemirror/comment": {
            "version": "0.17.3",
            "resolved": "https://registry.npmjs.org/@codemirror/comment/-/comment-0.17.3.tgz",
            "integrity": "sha512-dxD+JPTYmi4L+gOO2TMhMGr2z6YM+EKaTL9q188VZPtRisjWhFPQxJ38RHgq5Fo+D8pShv+N+fmMj+IRVrqENg==",
            "deprecated": "As of 0.20.0, this package has been merged into @codemirror/commands",
            "dependencies": {
                "@codemirror/state": "^0.17.0",
                "@codemirror/text": "^0.17.0",
                "@codemirror/view": "^0.17.0"
            }
        },
        "node_modules/@codemirror/fold": {
            "version": "0.17.1",
            "resolved": "https://registry.npmjs.org/@codemirror/fold/-/fold-0.17.1.tgz",
            "integrity": "sha512-G0j7AyZtcDQy/Vh7MQgIZIYcTJX6BuSa8NcxE82sDtpEDdogavBkjZxEE/lRZyZnHDmmaVgVSp53fzOo9TS6Hw==",
            "deprecated": "As of 0.20.0, this package has been merged into @codemirror/language",
            "dependencies": {
                "@codemirror/gutter": "^0.17.0",
                "@codemirror/language": "^0.17.0",
                "@codemirror/rangeset": "^0.17.0",
                "@codemirror/state": "^0.17.0",
                "@codemirror/view": "^0.17.0"
            }
        },
        "node_modules/@codemirror/gutter": {
            "version": "0.17.2",
            "resolved": "https://registry.npmjs.org/@codemirror/gutter/-/gutter-0.17.2.tgz",
            "integrity": "sha512-kyfuNVg3B+yS9U3aNMK/AQ0NyOswOep8lrbldBL4BWXZ8mFzSifT3WNK887WYrEIhqeLjq5qjcsJgFyGrFR0Lg==",
            "deprecated": "As of 0.20.0, this package has been merged into @codemirror/view",
            "dependencies": {
                "@codemirror/rangeset": "^0.17.0",
                "@codemirror/state": "^0.17.0",
                "@codemirror/view": "^0.17.0"
            }
        },
        "node_modules/@codemirror/highlight": {
            "version": "0.17.3",
            "resolved": "https://registry.npmjs.org/@codemirror/highlight/-/highlight-0.17.3.tgz",
            "integrity": "sha512-pKuCQ/+CSbibK6ZO2E6YRowhf4LKERwCrSYmQyCw18Dgutt1D2d5t2fv0kziHYC7Jz3ZG2xnrsHABFjS57V6JA==",
            "deprecated": "As of 0.20.0, this package has been split between @lezer/highlight and @codemirror/language",
            "dependencies": {
                "@codemirror/language": "^0.17.0",
                "@codemirror/rangeset": "^0.17.0",
                "@codemirror/state": "^0.17.0",
                "@codemirror/view": "^0.17.0",
                "lezer-tree": "^0.13.0",
                "style-mod": "^3.2.0"
            }
        },
        "node_modules/@codemirror/history": {
            "version": "0.17.2",
            "resolved": "https://registry.npmjs.org/@codemirror/history/-/history-0.17.2.tgz",
            "integrity": "sha512-ML/FA6VJMMwsQrx7HFXaOAg/LqrLxUktE5pu230UOn0u5bxIPxbX0lLGs34994s9HPruqbCqIikSc+IfjLkFcA==",
            "deprecated": "As of 0.20.0, this package has been merged into @codemirror/commands",
            "dependencies": {
                "@codemirror/state": "^0.17.0",
                "@codemirror/view": "^0.17.0"
            }
        },
        "node_modules/@codemirror/lang-sql": {
            "version": "0.17.2",
            "resolved": "https://registry.npmjs.org/@codemirror/lang-sql/-/lang-sql-0.17.2.tgz",
            "integrity": "sha512-HKuelT2ZqIKEZjp6mALusJLDXKhsCPBoJgAAzjdvheAebhGH6WfT79K8KmilekmpfCxdgHwlUZTpyB8MEr1q8g==",
            "dependencies": {
                "@codemirror/autocomplete": "^0.17.0",
                "@codemirror/highlight": "^0.17.0",
                "@codemirror/language": "^0.17.0",
                "@codemirror/state": "^0.17.0",
                "lezer": "^0.13.0"
            }
        },
        "node_modules/@codemirror/language": {
            "version": "0.17.5",
            "resolved": "https://registry.npmjs.org/@codemirror/language/-/language-0.17.5.tgz",
            "integrity": "sha512-eFpWMv4anbinagEziYUO62mNKUFBPXeJ96HRuxYQI3yt4mJIVjzS7FkB/4VHqOcvfJYqYI3TURyu0T8MM4se2A==",
            "dependencies": {
                "@codemirror/state": "^0.17.0",
                "@codemirror/text": "^0.17.0",
                "@codemirror/view": "^0.17.0",
                "lezer": "^0.13.0",
                "lezer-tree": "^0.13.0"
            }
        },
        "node_modules/@codemirror/lint": {
            "version": "0.17.1",
            "resolved": "https://registry.npmjs.org/@codemirror/lint/-/lint-0.17.1.tgz",
            "integrity": "sha512-Jzhf3g+hIr8frQaLsRSYJgM3BFVt7qQ59J0l/oqkjx8LsqYn0zbCM6zHnKMC0lOUdZXf7O8D24jTmVJb/8n4YQ==",
            "dependencies": {
                "@codemirror/panel": "^0.17.0",
                "@codemirror/state": "^0.17.0",
                "@codemirror/tooltip": "^0.17.0",
                "@codemirror/view": "^0.17.0",
                "crelt": "^1.0.5"
            }
        },
        "node_modules/@codemirror/matchbrackets": {
            "version": "0.17.2",
            "resolved": "https://registry.npmjs.org/@codemirror/matchbrackets/-/matchbrackets-0.17.2.tgz",
            "integrity": "sha512-E4TP7lNXk7VtmvvKYH59yNx0lf5ubv7iv0Ok0uWCjxm+RIPnXiOdRoNI7rxITJcgNROOyKnuKsd6AAnmuXxDEQ==",
            "deprecated": "As of 0.20.0, this package has been merged into @codemirror/language",
            "dependencies": {
                "@codemirror/language": "^0.17.0",
                "@codemirror/state": "^0.17.0",
                "@codemirror/view": "^0.17.0",
                "lezer-tree": "^0.13.0"
            }
        },
        "node_modules/@codemirror/panel": {
            "version": "0.17.1",
            "resolved": "https://registry.npmjs.org/@codemirror/panel/-/panel-0.17.1.tgz",
            "integrity": "sha512-2it2Sk02eF4WFwPVoRLhr9lPGq9lwwwHZFyb4olqI6tOyTPwk6leZ4ntabYrhvjRc7gD6S6vM14KhOtjm4hjqg==",
            "deprecated": "As of 0.20.0, this package has been merged into @codemirror/view",
            "dependencies": {
                "@codemirror/state": "^0.17.0",
                "@codemirror/view": "^0.17.0"
            }
        },
        "node_modules/@codemirror/rangeset": {
            "version": "0.17.1",
            "resolved": "https://registry.npmjs.org/@codemirror/rangeset/-/rangeset-0.17.1.tgz",
            "integrity": "sha512-Qv8a8C5CZiUdXGvxniWdULJzXDiz5uSP5ddHFEmekGa9nNVCgdr05nH7R+h3NgJ2P40UEEOPykqXZyy8EHGggw==",
            "deprecated": "As of 0.20.0, this package has been merged into @codemirror/state",
            "dependencies": {
                "@codemirror/state": "^0.17.0"
            }
        },
        "node_modules/@codemirror/rectangular-selection": {
            "version": "0.17.1",
            "resolved": "https://registry.npmjs.org/@codemirror/rectangular-selection/-/rectangular-selection-0.17.1.tgz",
            "integrity": "sha512-mM6LjEiwcnj/NArVMTfMATuO35FDF9B1xCrqMlXTB/KxCXwFcGO/r8AccBV+ehR2Y+k7zlvfNvEVNi1SjP1Hfg==",
            "deprecated": "As of 0.20.0, this package has been merged into @codemirror/view",
            "dependencies": {
                "@codemirror/state": "^0.17.0",
                "@codemirror/text": "^0.17.0",
                "@codemirror/view": "^0.17.0"
            }
        },
        "node_modules/@codemirror/search": {
            "version": "0.17.1",
            "resolved": "https://registry.npmjs.org/@codemirror/search/-/search-0.17.1.tgz",
            "integrity": "sha512-wY0KP9my/0uKQk9AU39EqmkY6zMVv2Erej5b1rRBksM78JZXzjNUl4gyhtx1/0om84IZ1ocmW8MRElkAY6r1rw==",
            "dependencies": {
                "@codemirror/panel": "^0.17.0",
                "@codemirror/rangeset": "^0.17.0",
                "@codemirror/state": "^0.17.0",
                "@codemirror/text": "^0.17.0",
                "@codemirror/view": "^0.17.0",
                "crelt": "^1.0.5"
            }
        },
        "node_modules/@codemirror/state": {
            "version": "0.17.2",
            "resolved": "https://registry.npmjs.org/@codemirror/state/-/state-0.17.2.tgz",
            "integrity": "sha512-3WwDsBTMkiyFKJntIZjCiyq0KKo1OaKhq8k9vG/eGRm6bYL8rPOAEvufW6AKwuK3BSAftOAHFNXXq+GRNoL7zg==",
            "dependencies": {
                "@codemirror/text": "^0.17.0"
            }
        },
        "node_modules/@codemirror/text": {
            "version": "0.17.2",
            "resolved": "https://registry.npmjs.org/@codemirror/text/-/text-0.17.2.tgz",
            "integrity": "sha512-KL+cM+uJPW5skyuTRoW43lOaSQq3YDNEPx5z0V/9Wsz9R9dK4kVP5NIRMUFgl9MUCQ9UxIotvgPDpz65j9wjuA==",
            "deprecated": "As of 0.20.0, this package has been merged into @codemirror/state"
        },
        "node_modules/@codemirror/tooltip": {
            "version": "0.17.2",
            "resolved": "https://registry.npmjs.org/@codemirror/tooltip/-/tooltip-0.17.2.tgz",
            "integrity": "sha512-Ux2lKYzTUCiAluu3PJj78e58eGQeCRaFWpzn8pg4KQIFxSVyZoCv5VWcIp/1i4bLGyrUWDWwP0CAxGq759AwaQ==",
            "deprecated": "As of 0.20.0, this package has been merged into @codemirror/view",
            "dependencies": {
                "@codemirror/state": "^0.17.0",
                "@codemirror/view": "^0.17.0"
            }
        },
        "node_modules/@codemirror/view": {
            "version": "0.17.13",
            "resolved": "https://registry.npmjs.org/@codemirror/view/-/view-0.17.13.tgz",
            "integrity": "sha512-TWmQF2OMzWYY51gvzcq0ECvW1EyhEVpy//dmu1MDvJrv8nDZWGY/a414fUCc+v6DKNpujg7IIpP9sD2izYJFpg==",
            "dependencies": {
                "@codemirror/rangeset": "^0.17.0",
                "@codemirror/state": "^0.17.0",
                "@codemirror/text": "^0.17.0",
                "style-mod": "^3.2.0",
                "w3c-keyname": "^2.2.4"
            }
        },
        "node_modules/@rollup/plugin-node-resolve": {
            "version": "13.3.0",
            "resolved": "https://registry.npmjs.org/@rollup/plugin-node-resolve/-/plugin-node-resolve-13.3.0.tgz",
            "integrity": "sha512-Lus8rbUo1eEcnS4yTFKLZrVumLPY+YayBdWXgFSHYhTT2iJbMhoaaBL3xl5NCdeRytErGr8tZ0L71BMRmnlwSw==",
            "dev": true,
            "dependencies": {
                "@rollup/pluginutils": "^3.1.0",
                "@types/resolve": "1.17.1",
                "deepmerge": "^4.2.2",
                "is-builtin-module": "^3.1.0",
                "is-module": "^1.0.0",
                "resolve": "^1.19.0"
            },
            "engines": {
                "node": ">= 10.0.0"
            },
            "peerDependencies": {
                "rollup": "^2.42.0"
            }
        },
        "node_modules/@rollup/pluginutils": {
            "version": "3.1.0",
            "resolved": "https://registry.npmjs.org/@rollup/pluginutils/-/pluginutils-3.1.0.tgz",
            "integrity": "sha512-GksZ6pr6TpIjHm8h9lSQ8pi8BE9VeubNT0OMJ3B5uZJ8pz73NPiqOtCog/x2/QzM1ENChPKxMDhiQuRHsqc+lg==",
            "dev": true,
            "dependencies": {
                "@types/estree": "0.0.39",
                "estree-walker": "^1.0.1",
                "picomatch": "^2.2.2"
            },
            "engines": {
                "node": ">= 8.0.0"
            },
            "peerDependencies": {
                "rollup": "^1.20.0||^2.0.0"
            }
        },
        "node_modules/@types/estree": {
            "version": "0.0.39",
            "resolved": "https://registry.npmjs.org/@types/estree/-/estree-0.0.39.tgz",
            "integrity": "sha512-EYNwp3bU+98cpU4lAWYYL7Zz+2gryWH1qbdDTidVd6hkiR6weksdbMadyXKXNPEkQFhXM+hVO9ZygomHXp+AIw==",
            "dev": true
        },
        "node_modules/@types/node": {
            "version": "18.7.18",
            "resolved": "https://registry.npmjs.org/@types/node/-/node-18.7.18.tgz",
            "integrity": "sha512-m+6nTEOadJZuTPkKR/SYK3A2d7FZrgElol9UP1Kae90VVU4a6mxnPuLiIW1m4Cq4gZ/nWb9GrdVXJCoCazDAbg==",
            "dev": true
        },
        "node_modules/@types/resolve": {
            "version": "1.17.1",
            "resolved": "https://registry.npmjs.org/@types/resolve/-/resolve-1.17.1.tgz",
            "integrity": "sha512-yy7HuzQhj0dhGpD8RLXSZWEkLsV9ibvxvi6EiJ3bkqLAO1RGo0WbkWQiwpRlSFymTJRz0d3k5LM3kkx8ArDbLw==",
            "dev": true,
            "dependencies": {
                "@types/node": "*"
            }
        },
        "node_modules/builtin-modules": {
            "version": "3.3.0",
            "resolved": "https://registry.npmjs.org/builtin-modules/-/builtin-modules-3.3.0.tgz",
            "integrity": "sha512-zhaCDicdLuWN5UbN5IMnFqNMhNfo919sH85y2/ea+5Yg9TsTkeZxpL+JLbp6cgYFS4sRLp3YV4S6yDuqVWHYOw==",
            "dev": true,
            "engines": {
                "node": ">=6"
            },
            "funding": {
                "url": "https://github.com/sponsors/sindresorhus"
            }
        },
        "node_modules/crelt": {
            "version": "1.0.5",
            "resolved": "https://registry.npmjs.org/crelt/-/crelt-1.0.5.tgz",
            "integrity": "sha512-+BO9wPPi+DWTDcNYhr/W90myha8ptzftZT+LwcmUbbok0rcP/fequmFYCw8NMoH7pkAZQzU78b3kYrlua5a9eA=="
        },
        "node_modules/deepmerge": {
            "version": "4.2.2",
            "resolved": "https://registry.npmjs.org/deepmerge/-/deepmerge-4.2.2.tgz",
            "integrity": "sha512-FJ3UgI4gIl+PHZm53knsuSFpE+nESMr7M4v9QcgB7S63Kj/6WqMiFQJpBBYz1Pt+66bZpP3Q7Lye0Oo9MPKEdg==",
            "dev": true,
            "engines": {
                "node": ">=0.10.0"
            }
        },
        "node_modules/estree-walker": {
            "version": "1.0.1",
            "resolved": "https://registry.npmjs.org/estree-walker/-/estree-walker-1.0.1.tgz",
            "integrity": "sha512-1fMXF3YP4pZZVozF8j/ZLfvnR8NSIljt56UhbZ5PeeDmmGHpgpdwQt7ITlGvYaQukCvuBRMLEiKiYC+oeIg4cg==",
            "dev": true
        },
        "node_modules/fsevents": {
            "version": "2.3.2",
            "resolved": "https://registry.npmjs.org/fsevents/-/fsevents-2.3.2.tgz",
            "integrity": "sha512-xiqMQR4xAeHTuB9uWm+fFRcIOgKBMiOBP+eXiyT7jsgVCq1bkVygt00oASowB7EdtpOHaaPgKt812P9ab+DDKA==",
            "dev": true,
            "hasInstallScript": true,
            "optional": true,
            "os": [
                "darwin"
            ],
            "engines": {
                "node": "^8.16.0 || ^10.6.0 || >=11.0.0"
            }
        },
        "node_modules/function-bind": {
            "version": "1.1.1",
            "resolved": "https://registry.npmjs.org/function-bind/-/function-bind-1.1.1.tgz",
            "integrity": "sha512-yIovAzMX49sF8Yl58fSCWJ5svSLuaibPxXQJFLmBObTuCr0Mf1KiPopGM9NiFjiYBCbfaa2Fh6breQ6ANVTI0A==",
            "dev": true
        },
        "node_modules/has": {
            "version": "1.0.3",
            "resolved": "https://registry.npmjs.org/has/-/has-1.0.3.tgz",
            "integrity": "sha512-f2dvO0VU6Oej7RkWJGrehjbzMAjFp5/VKPp5tTpWIV4JHHZK1/BxbFRtf/siA2SWTe09caDmVtYYzWEIbBS4zw==",
            "dev": true,
            "dependencies": {
                "function-bind": "^1.1.1"
            },
            "engines": {
                "node": ">= 0.4.0"
            }
        },
        "node_modules/is-builtin-module": {
            "version": "3.2.0",
            "resolved": "https://registry.npmjs.org/is-builtin-module/-/is-builtin-module-3.2.0.tgz",
            "integrity": "sha512-phDA4oSGt7vl1n5tJvTWooWWAsXLY+2xCnxNqvKhGEzujg+A43wPlPOyDg3C8XQHN+6k/JTQWJ/j0dQh/qr+Hw==",
            "dev": true,
            "dependencies": {
                "builtin-modules": "^3.3.0"
            },
            "engines": {
                "node": ">=6"
            },
            "funding": {
                "url": "https://github.com/sponsors/sindresorhus"
            }
        },
        "node_modules/is-core-module": {
            "version": "2.10.0",
            "resolved": "https://registry.npmjs.org/is-core-module/-/is-core-module-2.10.0.tgz",
            "integrity": "sha512-Erxj2n/LDAZ7H8WNJXd9tw38GYM3dv8rk8Zcs+jJuxYTW7sozH+SS8NtrSjVL1/vpLvWi1hxy96IzjJ3EHTJJg==",
            "dev": true,
            "dependencies": {
                "has": "^1.0.3"
            },
            "funding": {
                "url": "https://github.com/sponsors/ljharb"
            }
        },
        "node_modules/is-module": {
            "version": "1.0.0",
            "resolved": "https://registry.npmjs.org/is-module/-/is-module-1.0.0.tgz",
            "integrity": "sha512-51ypPSPCoTEIN9dy5Oy+h4pShgJmPCygKfyRCISBI+JoWT/2oJvK8QPxmwv7b/p239jXrm9M1mlQbyKJ5A152g==",
            "dev": true
        },
        "node_modules/lezer": {
            "version": "0.13.5",
            "resolved": "https://registry.npmjs.org/lezer/-/lezer-0.13.5.tgz",
            "integrity": "sha512-cAiMQZGUo2BD8mpcz7Nv1TlKzWP7YIdIRrX41CiP5bk5t4GHxskOxWUx2iAOuHlz8dO+ivbuXr0J1bfHsWD+lQ==",
            "deprecated": "This package has been replaced by @lezer/lr",
            "dependencies": {
                "lezer-tree": "^0.13.2"
            }
        },
        "node_modules/lezer-tree": {
            "version": "0.13.2",
            "resolved": "https://registry.npmjs.org/lezer-tree/-/lezer-tree-0.13.2.tgz",
            "integrity": "sha512-15ZxW8TxVNAOkHIo43Iouv4zbSkQQ5chQHBpwXcD2bBFz46RB4jYLEEww5l1V0xyIx9U2clSyyrLes+hAUFrGQ==",
            "deprecated": "This package has been replaced by @lezer/common"
        },
        "node_modules/path-parse": {
            "version": "1.0.7",
            "resolved": "https://registry.npmjs.org/path-parse/-/path-parse-1.0.7.tgz",
            "integrity": "sha512-LDJzPVEEEPR+y48z93A0Ed0yXb8pAByGWo/k5YYdYgpY2/2EsOsksJrq7lOHxryrVOn1ejG6oAp8ahvOIQD8sw==",
            "dev": true
        },
        "node_modules/picomatch": {
            "version": "2.3.1",
            "resolved": "https://registry.npmjs.org/picomatch/-/picomatch-2.3.1.tgz",
            "integrity": "sha512-JU3teHTNjmE2VCGFzuY8EXzCDVwEqB2a8fsIvwaStHhAWJEeVd1o1QD80CU6+ZdEXXSLbSsuLwJjkCBWqRQUVA==",
            "dev": true,
            "engines": {
                "node": ">=8.6"
            },
            "funding": {
                "url": "https://github.com/sponsors/jonschlinkert"
            }
        },
        "node_modules/resolve": {
            "version": "1.22.1",
            "resolved": "https://registry.npmjs.org/resolve/-/resolve-1.22.1.tgz",
            "integrity": "sha512-nBpuuYuY5jFsli/JIs1oldw6fOQCBioohqWZg/2hiaOybXOft4lonv85uDOKXdf8rhyK159cxU5cDcK/NKk8zw==",
            "dev": true,
            "dependencies": {
                "is-core-module": "^2.9.0",
                "path-parse": "^1.0.7",
                "supports-preserve-symlinks-flag": "^1.0.0"
            },
            "bin": {
                "resolve": "bin/resolve"
            },
            "funding": {
                "url": "https://github.com/sponsors/ljharb"
            }
        },
        "node_modules/rollup": {
            "version": "2.79.0",
            "resolved": "https://registry.npmjs.org/rollup/-/rollup-2.79.0.tgz",
            "integrity": "sha512-x4KsrCgwQ7ZJPcFA/SUu6QVcYlO7uRLfLAy0DSA4NS2eG8japdbpM50ToH7z4iObodRYOJ0soneF0iaQRJ6zhA==",
            "dev": true,
            "bin": {
                "rollup": "dist/bin/rollup"
            },
            "engines": {
                "node": ">=10.0.0"
            },
            "optionalDependencies": {
                "fsevents": "~2.3.2"
            }
        },
        "node_modules/style-mod": {
            "version": "3.2.2",
            "resolved": "https://registry.npmjs.org/style-mod/-/style-mod-3.2.2.tgz",
            "integrity": "sha512-7X3zF+GjUSQ/opNrzuEOqM+lF+4SOkG5aWxrNw/5rwBrHytsH1Ly8/o9e6Wnqoul2lLT1Pmue63LgiE6mEZAGw=="
        },
        "node_modules/supports-preserve-symlinks-flag": {
            "version": "1.0.0",
            "resolved": "https://registry.npmjs.org/supports-preserve-symlinks-flag/-/supports-preserve-symlinks-flag-1.0.0.tgz",
            "integrity": "sha512-ot0WnXS9fgdkgIcePe6RHNk1WA8+muPa6cSjeR3V8K27q9BB1rTE3R1p7Hv0z1ZyAc8s6Vvv8DIyWf681MAt0w==",
            "dev": true,
            "engines": {
                "node": ">= 0.4"
            },
            "funding": {
                "url": "https://github.com/sponsors/ljharb"
            }
        },
        "node_modules/w3c-keyname": {
            "version": "2.2.6",
            "resolved": "https://registry.npmjs.org/w3c-keyname/-/w3c-keyname-2.2.6.tgz",
            "integrity": "sha512-f+fciywl1SJEniZHD6H+kUO8gOnwIr7f4ijKA6+ZvJFjeGi1r4PDLl53Ayud9O/rk64RqgoQine0feoeOU0kXg=="
        }
    },
    "dependencies": {
        "@codemirror/autocomplete": {
            "version": "0.17.4",
            "resolved": "https://registry.npmjs.org/@codemirror/autocomplete/-/autocomplete-0.17.4.tgz",
            "integrity": "sha512-fni2OJC1aStMeQaQQE9lMSJAntWoDeGucLMGbf8XZrTNxZR1IoWKLXBy9YoA0CQfJX/VNnJljNG7WRvwxHmBiQ==",
            "requires": {
                "@codemirror/language": "^0.17.0",
                "@codemirror/state": "^0.17.0",
                "@codemirror/text": "^0.17.0",
                "@codemirror/tooltip": "^0.17.0",
                "@codemirror/view": "^0.17.0",
                "lezer-tree": "^0.13.0"
            }
        },
        "@codemirror/basic-setup": {
            "version": "0.17.1",
            "resolved": "https://registry.npmjs.org/@codemirror/basic-setup/-/basic-setup-0.17.1.tgz",
            "integrity": "sha512-d17H3bcseOia/YxT4Zfqn455wBRfbs3aKFAg9+FoP11BeQLFAqxiDIXtbwtfFbNx4rUvtmHkzeaMUZHNEp5ZSQ==",
            "requires": {
                "@codemirror/autocomplete": "^0.17.0",
                "@codemirror/closebrackets": "^0.17.0",
                "@codemirror/commands": "^0.17.0",
                "@codemirror/comment": "^0.17.0",
                "@codemirror/fold": "^0.17.0",
                "@codemirror/gutter": "^0.17.0",
                "@codemirror/highlight": "^0.17.0",
                "@codemirror/history": "^0.17.0",
                "@codemirror/language": "^0.17.0",
                "@codemirror/lint": "^0.17.0",
                "@codemirror/matchbrackets": "^0.17.0",
                "@codemirror/rectangular-selection": "^0.17.0",
                "@codemirror/search": "^0.17.0",
                "@codemirror/state": "^0.17.0",
                "@codemirror/view": "^0.17.0"
            }
        },
        "@codemirror/closebrackets": {
            "version": "0.17.2",
            "resolved": "https://registry.npmjs.org/@codemirror/closebrackets/-/closebrackets-0.17.2.tgz",
            "integrity": "sha512-0ljN56AW9Iu3uATSZESPt2MuPXpZwB9PKCK0liO9Ei1MXba//SDkzDaYeoIjlVLTxUaGbVo77fsh7+rrY28hLg==",
            "requires": {
                "@codemirror/language": "^0.17.0",
                "@codemirror/rangeset": "^0.17.0",
                "@codemirror/state": "^0.17.0",
                "@codemirror/text": "^0.17.0",
                "@codemirror/view": "^0.17.0"
            }
        },
        "@codemirror/commands": {
            "version": "0.17.5",
            "resolved": "https://registry.npmjs.org/@codemirror/commands/-/commands-0.17.5.tgz",
            "integrity": "sha512-9B/Zq6mBkSdf+2xWoOufJutNRhFdsgA9f2w9hfI7ujwFqFLIj7QKuYt+W1LAcJufHYy5BdVCyjgCamx65yb4MA==",
            "requires": {
                "@codemirror/language": "^0.17.0",
                "@codemirror/matchbrackets": "^0.17.0",
                "@codemirror/state": "^0.17.0",
                "@codemirror/text": "^0.17.0",
                "@codemirror/view": "^0.17.0",
                "lezer-tree": "^0.13.0"
            }
        },
        "@codemirror/comment": {
            "version": "0.17.3",
            "resolved": "https://registry.npmjs.org/@codemirror/comment/-/comment-0.17.3.tgz",
            "integrity": "sha512-dxD+JPTYmi4L+gOO2TMhMGr2z6YM+EKaTL9q188VZPtRisjWhFPQxJ38RHgq5Fo+D8pShv+N+fmMj+IRVrqENg==",
            "requires": {
                "@codemirror/state": "^0.17.0",
                "@codemirror/text": "^0.17.0",
                "@codemirror/view": "^0.17.0"
            }
        },
        "@codemirror/fold": {
            "version": "0.17.1",
            "resolved": "https://registry.npmjs.org/@codemirror/fold/-/fold-0.17.1.tgz",
            "integrity": "sha512-G0j7AyZtcDQy/Vh7MQgIZIYcTJX6BuSa8NcxE82sDtpEDdogavBkjZxEE/lRZyZnHDmmaVgVSp53fzOo9TS6Hw==",
            "requires": {
                "@codemirror/gutter": "^0.17.0",
                "@codemirror/language": "^0.17.0",
                "@codemirror/rangeset": "^0.17.0",
                "@codemirror/state": "^0.17.0",
                "@codemirror/view": "^0.17.0"
            }
        },
        "@codemirror/gutter": {
            "version": "0.17.2",
            "resolved": "https://registry.npmjs.org/@codemirror/gutter/-/gutter-0.17.2.tgz",
            "integrity": "sha512-kyfuNVg3B+yS9U3aNMK/AQ0NyOswOep8lrbldBL4BWXZ8mFzSifT3WNK887WYrEIhqeLjq5qjcsJgFyGrFR0Lg==",
            "requires": {
                "@codemirror/rangeset": "^0.17.0",
                "@codemirror/state": "^0.17.0",
                "@codemirror/view": "^0.17.0"
            }
        },
        "@codemirror/highlight": {
            "version": "0.17.3",
            "resolved": "https://registry.npmjs.org/@codemirror/highlight/-/highlight-0.17.3.tgz",
            "integrity": "sha512-pKuCQ/+CSbibK6ZO2E6YRowhf4LKERwCrSYmQyCw18Dgutt1D2d5t2fv0kziHYC7Jz3ZG2xnrsHABFjS57V6JA==",
            "requires": {
                "@codemirror/language": "^0.17.0",
                "@codemirror/rangeset": "^0.17.0",
                "@codemirror/state": "^0.17.0",
                "@codemirror/view": "^0.17.0",
                "lezer-tree": "^0.13.0",
                "style-mod": "^3.2.0"
            }
        },
        "@codemirror/history": {
            "version": "0.17.2",
            "resolved": "https://registry.npmjs.org/@codemirror/history/-/history-0.17.2.tgz",
            "integrity": "sha512-ML/FA6VJMMwsQrx7HFXaOAg/LqrLxUktE5pu230UOn0u5bxIPxbX0lLGs34994s9HPruqbCqIikSc+IfjLkFcA==",
            "requires": {
                "@codemirror/state": "^0.17.0",
                "@codemirror/view": "^0.17.0"
            }
        },
        "@codemirror/lang-sql": {
            "version": "0.17.2",
            "resolved": "https://registry.npmjs.org/@codemirror/lang-sql/-/lang-sql-0.17.2.tgz",
            "integrity": "sha512-HKuelT2ZqIKEZjp6mALusJLDXKhsCPBoJgAAzjdvheAebhGH6WfT79K8KmilekmpfCxdgHwlUZTpyB8MEr1q8g==",
            "requires": {
                "@codemirror/autocomplete": "^0.17.0",
                "@codemirror/highlight": "^0.17.0",
                "@codemirror/language": "^0.17.0",
                "@codemirror/state": "^0.17.0",
                "lezer": "^0.13.0"
            }
        },
        "@codemirror/language": {
            "version": "0.17.5",
            "resolved": "https://registry.npmjs.org/@codemirror/language/-/language-0.17.5.tgz",
            "integrity": "sha512-eFpWMv4anbinagEziYUO62mNKUFBPXeJ96HRuxYQI3yt4mJIVjzS7FkB/4VHqOcvfJYqYI3TURyu0T8MM4se2A==",
            "requires": {
                "@codemirror/state": "^0.17.0",
                "@codemirror/text": "^0.17.0",
                "@codemirror/view": "^0.17.0",
                "lezer": "^0.13.0",
                "lezer-tree": "^0.13.0"
            }
        },
        "@codemirror/lint": {
            "version": "0.17.1",
            "resolved": "https://registry.npmjs.org/@codemirror/lint/-/lint-0.17.1.tgz",
            "integrity": "sha512-Jzhf3g+hIr8frQaLsRSYJgM3BFVt7qQ59J0l/oqkjx8LsqYn0zbCM6zHnKMC0lOUdZXf7O8D24jTmVJb/8n4YQ==",
            "requires": {
                "@codemirror/panel": "^0.17.0",
                "@codemirror/state": "^0.17.0",
                "@codemirror/tooltip": "^0.17.0",
                "@codemirror/view": "^0.17.0",
                "crelt": "^1.0.5"
            }
        },
        "@codemirror/matchbrackets": {
            "version": "0.17.2",
            "resolved": "https://registry.npmjs.org/@codemirror/matchbrackets/-/matchbrackets-0.17.2.tgz",
            "integrity": "sha512-E4TP7lNXk7VtmvvKYH59yNx0lf5ubv7iv0Ok0uWCjxm+RIPnXiOdRoNI7rxITJcgNROOyKnuKsd6AAnmuXxDEQ==",
            "requires": {
                "@codemirror/language": "^0.17.0",
                "@codemirror/state": "^0.17.0",
                "@codemirror/view": "^0.17.0",
                "lezer-tree": "^0.13.0"
            }
        },
        "@codemirror/panel": {
            "version": "0.17.1",
            "resolved": "https://registry.npmjs.org/@codemirror/panel/-/panel-0.17.1.tgz",
            "integrity": "sha512-2it2Sk02eF4WFwPVoRLhr9lPGq9lwwwHZFyb4olqI6tOyTPwk6leZ4ntabYrhvjRc7gD6S6vM14KhOtjm4hjqg==",
            "requires": {
                "@codemirror/state": "^0.17.0",
                "@codemirror/view": "^0.17.0"
            }
        },
        "@codemirror/rangeset": {
            "version": "0.17.1",
            "resolved": "https://registry.npmjs.org/@codemirror/rangeset/-/rangeset-0.17.1.tgz",
            "integrity": "sha512-Qv8a8C5CZiUdXGvxniWdULJzXDiz5uSP5ddHFEmekGa9nNVCgdr05nH7R+h3NgJ2P40UEEOPykqXZyy8EHGggw==",
            "requires": {
                "@codemirror/state": "^0.17.0"
            }
        },
        "@codemirror/rectangular-selection": {
            "version": "0.17.1",
            "resolved": "https://registry.npmjs.org/@codemirror/rectangular-selection/-/rectangular-selection-0.17.1.tgz",
            "integrity": "sha512-mM6LjEiwcnj/NArVMTfMATuO35FDF9B1xCrqMlXTB/KxCXwFcGO/r8AccBV+ehR2Y+k7zlvfNvEVNi1SjP1Hfg==",
            "requires": {
                "@codemirror/state": "^0.17.0",
                "@codemirror/text": "^0.17.0",
                "@codemirror/view": "^0.17.0"
            }
        },
        "@codemirror/search": {
            "version": "0.17.1",
            "resolved": "https://registry.npmjs.org/@codemirror/search/-/search-0.17.1.tgz",
            "integrity": "sha512-wY0KP9my/0uKQk9AU39EqmkY6zMVv2Erej5b1rRBksM78JZXzjNUl4gyhtx1/0om84IZ1ocmW8MRElkAY6r1rw==",
            "requires": {
                "@codemirror/panel": "^0.17.0",
                "@codemirror/rangeset": "^0.17.0",
                "@codemirror/state": "^0.17.0",
                "@codemirror/text": "^0.17.0",
                "@codemirror/view": "^0.17.0",
                "crelt": "^1.0.5"
            }
        },
        "@codemirror/state": {
            "version": "0.17.2",
            "resolved": "https://registry.npmjs.org/@codemirror/state/-/state-0.17.2.tgz",
            "integrity": "sha512-3WwDsBTMkiyFKJntIZjCiyq0KKo1OaKhq8k9vG/eGRm6bYL8rPOAEvufW6AKwuK3BSAftOAHFNXXq+GRNoL7zg==",
            "requires": {
                "@codemirror/text": "^0.17.0"
            }
        },
        "@codemirror/text": {
            "version": "0.17.2",
            "resolved": "https://registry.npmjs.org/@codemirror/text/-/text-0.17.2.tgz",
            "integrity": "sha512-KL+cM+uJPW5skyuTRoW43lOaSQq3YDNEPx5z0V/9Wsz9R9dK4kVP5NIRMUFgl9MUCQ9UxIotvgPDpz65j9wjuA=="
        },
        "@codemirror/tooltip": {
            "version": "0.17.2",
            "resolved": "https://registry.npmjs.org/@codemirror/tooltip/-/tooltip-0.17.2.tgz",
            "integrity": "sha512-Ux2lKYzTUCiAluu3PJj78e58eGQeCRaFWpzn8pg4KQIFxSVyZoCv5VWcIp/1i4bLGyrUWDWwP0CAxGq759AwaQ==",
            "requires": {
                "@codemirror/state": "^0.17.0",
                "@codemirror/view": "^0.17.0"
            }
        },
        "@codemirror/view": {
            "version": "0.17.13",
            "resolved": "https://registry.npmjs.org/@codemirror/view/-/view-0.17.13.tgz",
            "integrity": "sha512-TWmQF2OMzWYY51gvzcq0ECvW1EyhEVpy//dmu1MDvJrv8nDZWGY/a414fUCc+v6DKNpujg7IIpP9sD2izYJFpg==",
            "requires": {
                "@codemirror/rangeset": "^0.17.0",
                "@codemirror/state": "^0.17.0",
                "@codemirror/text": "^0.17.0",
                "style-mod": "^3.2.0",
                "w3c-keyname": "^2.2.4"
            }
        },
        "@rollup/plugin-node-resolve": {
            "version": "13.3.0",
            "resolved": "https://registry.npmjs.org/@rollup/plugin-node-resolve/-/plugin-node-resolve-13.3.0.tgz",
            "integrity": "sha512-Lus8rbUo1eEcnS4yTFKLZrVumLPY+YayBdWXgFSHYhTT2iJbMhoaaBL3xl5NCdeRytErGr8tZ0L71BMRmnlwSw==",
            "dev": true,
            "requires": {
                "@rollup/pluginutils": "^3.1.0",
                "@types/resolve": "1.17.1",
                "deepmerge": "^4.2.2",
                "is-builtin-module": "^3.1.0",
                "is-module": "^1.0.0",
                "resolve": "^1.19.0"
            }
        },
        "@rollup/pluginutils": {
            "version": "3.1.0",
            "resolved": "https://registry.npmjs.org/@rollup/pluginutils/-/pluginutils-3.1.0.tgz",
            "integrity": "sha512-GksZ6pr6TpIjHm8h9lSQ8pi8BE9VeubNT0OMJ3B5uZJ8pz73NPiqOtCog/x2/QzM1ENChPKxMDhiQuRHsqc+lg==",
            "dev": true,
            "requires": {
                "@types/estree": "0.0.39",
                "estree-walker": "^1.0.1",
                "picomatch": "^2.2.2"
            }
        },
        "@types/estree": {
            "version": "0.0.39",
            "resolved": "https://registry.npmjs.org/@types/estree/-/estree-0.0.39.tgz",
            "integrity": "sha512-EYNwp3bU+98cpU4lAWYYL7Zz+2gryWH1qbdDTidVd6hkiR6weksdbMadyXKXNPEkQFhXM+hVO9ZygomHXp+AIw==",
            "dev": true
        },
        "@types/node": {
            "version": "18.7.18",
            "resolved": "https://registry.npmjs.org/@types/node/-/node-18.7.18.tgz",
            "integrity": "sha512-m+6nTEOadJZuTPkKR/SYK3A2d7FZrgElol9UP1Kae90VVU4a6mxnPuLiIW1m4Cq4gZ/nWb9GrdVXJCoCazDAbg==",
            "dev": true
        },
        "@types/resolve": {
            "version": "1.17.1",
            "resolved": "https://registry.npmjs.org/@types/resolve/-/resolve-1.17.1.tgz",
            "integrity": "sha512-yy7HuzQhj0dhGpD8RLXSZWEkLsV9ibvxvi6EiJ3bkqLAO1RGo0WbkWQiwpRlSFymTJRz0d3k5LM3kkx8ArDbLw==",
            "dev": true,
            "requires": {
                "@types/node": "*"
            }
        },
        "builtin-modules": {
            "version": "3.3.0",
            "resolved": "https://registry.npmjs.org/builtin-modules/-/builtin-modules-3.3.0.tgz",
            "integrity": "sha512-zhaCDicdLuWN5UbN5IMnFqNMhNfo919sH85y2/ea+5Yg9TsTkeZxpL+JLbp6cgYFS4sRLp3YV4S6yDuqVWHYOw==",
            "dev": true
        },
        "crelt": {
            "version": "1.0.5",
            "resolved": "https://registry.npmjs.org/crelt/-/crelt-1.0.5.tgz",
            "integrity": "sha512-+BO9wPPi+DWTDcNYhr/W90myha8ptzftZT+LwcmUbbok0rcP/fequmFYCw8NMoH7pkAZQzU78b3kYrlua5a9eA=="
        },
        "deepmerge": {
            "version": "4.2.2",
            "resolved": "https://registry.npmjs.org/deepmerge/-/deepmerge-4.2.2.tgz",
            "integrity": "sha512-FJ3UgI4gIl+PHZm53knsuSFpE+nESMr7M4v9QcgB7S63Kj/6WqMiFQJpBBYz1Pt+66bZpP3Q7Lye0Oo9MPKEdg==",
            "dev": true
        },
        "estree-walker": {
            "version": "1.0.1",
            "resolved": "https://registry.npmjs.org/estree-walker/-/estree-walker-1.0.1.tgz",
            "integrity": "sha512-1fMXF3YP4pZZVozF8j/ZLfvnR8NSIljt56UhbZ5PeeDmmGHpgpdwQt7ITlGvYaQukCvuBRMLEiKiYC+oeIg4cg==",
            "dev": true
        },
        "fsevents": {
            "version": "2.3.2",
            "resolved": "https://registry.npmjs.org/fsevents/-/fsevents-2.3.2.tgz",
            "integrity": "sha512-xiqMQR4xAeHTuB9uWm+fFRcIOgKBMiOBP+eXiyT7jsgVCq1bkVygt00oASowB7EdtpOHaaPgKt812P9ab+DDKA==",
            "dev": true,
            "optional": true
        },
        "function-bind": {
            "version": "1.1.1",
            "resolved": "https://registry.npmjs.org/function-bind/-/function-bind-1.1.1.tgz",
            "integrity": "sha512-yIovAzMX49sF8Yl58fSCWJ5svSLuaibPxXQJFLmBObTuCr0Mf1KiPopGM9NiFjiYBCbfaa2Fh6breQ6ANVTI0A==",
            "dev": true
        },
        "has": {
            "version": "1.0.3",
            "resolved": "https://registry.npmjs.org/has/-/has-1.0.3.tgz",
            "integrity": "sha512-f2dvO0VU6Oej7RkWJGrehjbzMAjFp5/VKPp5tTpWIV4JHHZK1/BxbFRtf/siA2SWTe09caDmVtYYzWEIbBS4zw==",
            "dev": true,
            "requires": {
                "function-bind": "^1.1.1"
            }
        },
        "is-builtin-module": {
            "version": "3.2.0",
            "resolved": "https://registry.npmjs.org/is-builtin-module/-/is-builtin-module-3.2.0.tgz",
            "integrity": "sha512-phDA4oSGt7vl1n5tJvTWooWWAsXLY+2xCnxNqvKhGEzujg+A43wPlPOyDg3C8XQHN+6k/JTQWJ/j0dQh/qr+Hw==",
            "dev": true,
            "requires": {
                "builtin-modules": "^3.3.0"
            }
        },
        "is-core-module": {
            "version": "2.10.0",
            "resolved": "https://registry.npmjs.org/is-core-module/-/is-core-module-2.10.0.tgz",
            "integrity": "sha512-Erxj2n/LDAZ7H8WNJXd9tw38GYM3dv8rk8Zcs+jJuxYTW7sozH+SS8NtrSjVL1/vpLvWi1hxy96IzjJ3EHTJJg==",
            "dev": true,
            "requires": {
                "has": "^1.0.3"
            }
        },
        "is-module": {
            "version": "1.0.0",
            "resolved": "https://registry.npmjs.org/is-module/-/is-module-1.0.0.tgz",
            "integrity": "sha512-51ypPSPCoTEIN9dy5Oy+h4pShgJmPCygKfyRCISBI+JoWT/2oJvK8QPxmwv7b/p239jXrm9M1mlQbyKJ5A152g==",
            "dev": true
        },
        "lezer": {
            "version": "0.13.5",
            "resolved": "https://registry.npmjs.org/lezer/-/lezer-0.13.5.tgz",
            "integrity": "sha512-cAiMQZGUo2BD8mpcz7Nv1TlKzWP7YIdIRrX41CiP5bk5t4GHxskOxWUx2iAOuHlz8dO+ivbuXr0J1bfHsWD+lQ==",
            "requires": {
                "lezer-tree": "^0.13.2"
            }
        },
        "lezer-tree": {
            "version": "0.13.2",
            "resolved": "https://registry.npmjs.org/lezer-tree/-/lezer-tree-0.13.2.tgz",
            "integrity": "sha512-15ZxW8TxVNAOkHIo43Iouv4zbSkQQ5chQHBpwXcD2bBFz46RB4jYLEEww5l1V0xyIx9U2clSyyrLes+hAUFrGQ=="
        },
        "path-parse": {
            "version": "1.0.7",
            "resolved": "https://registry.npmjs.org/path-parse/-/path-parse-1.0.7.tgz",
            "integrity": "sha512-LDJzPVEEEPR+y48z93A0Ed0yXb8pAByGWo/k5YYdYgpY2/2EsOsksJrq7lOHxryrVOn1ejG6oAp8ahvOIQD8sw==",
            "dev": true
        },
        "picomatch": {
            "version": "2.3.1",
            "resolved": "https://registry.npmjs.org/picomatch/-/picomatch-2.3.1.tgz",
            "integrity": "sha512-JU3teHTNjmE2VCGFzuY8EXzCDVwEqB2a8fsIvwaStHhAWJEeVd1o1QD80CU6+ZdEXXSLbSsuLwJjkCBWqRQUVA==",
            "dev": true
        },
        "resolve": {
            "version": "1.22.1",
            "resolved": "https://registry.npmjs.org/resolve/-/resolve-1.22.1.tgz",
            "integrity": "sha512-nBpuuYuY5jFsli/JIs1oldw6fOQCBioohqWZg/2hiaOybXOft4lonv85uDOKXdf8rhyK159cxU5cDcK/NKk8zw==",
            "dev": true,
            "requires": {
                "is-core-module": "^2.9.0",
                "path-parse": "^1.0.7",
                "supports-preserve-symlinks-flag": "^1.0.0"
            }
        },
        "rollup": {
            "version": "2.79.0",
            "resolved": "https://registry.npmjs.org/rollup/-/rollup-2.79.0.tgz",
            "integrity": "sha512-x4KsrCgwQ7ZJPcFA/SUu6QVcYlO7uRLfLAy0DSA4NS2eG8japdbpM50ToH7z4iObodRYOJ0soneF0iaQRJ6zhA==",
            "dev": true,
            "requires": {
                "fsevents": "~2.3.2"
            }
        },
        "style-mod": {
            "version": "3.2.2",
            "resolved": "https://registry.npmjs.org/style-mod/-/style-mod-3.2.2.tgz",
            "integrity": "sha512-7X3zF+GjUSQ/opNrzuEOqM+lF+4SOkG5aWxrNw/5rwBrHytsH1Ly8/o9e6Wnqoul2lLT1Pmue63LgiE6mEZAGw=="
        },
        "supports-preserve-symlinks-flag": {
            "version": "1.0.0",
            "resolved": "https://registry.npmjs.org/supports-preserve-symlinks-flag/-/supports-preserve-symlinks-flag-1.0.0.tgz",
            "integrity": "sha512-ot0WnXS9fgdkgIcePe6RHNk1WA8+muPa6cSjeR3V8K27q9BB1rTE3R1p7Hv0z1ZyAc8s6Vvv8DIyWf681MAt0w==",
            "dev": true
        },
        "w3c-keyname": {
            "version": "2.2.6",
            "resolved": "https://registry.npmjs.org/w3c-keyname/-/w3c-keyname-2.2.6.tgz",
            "integrity": "sha512-f+fciywl1SJEniZHD6H+kUO8gOnwIr7f4ijKA6+ZvJFjeGi1r4PDLl53Ayud9O/rk64RqgoQine0feoeOU0kXg=="
        }
    }
}
